
Microsoft Visual Studio Solution File, Format Version 12.00
# Visual Studio Version 17
VisualStudioVersion = 17.4.33205.214
MinimumVisualStudioVersion = 10.0.40219.1
Project("{9A19103F-16F7-4668-BE54-9A1E7A4F7556}") = "SharpGenerator", "sharp_generator\SharpGenerator.csproj", "{0CDCE5DC-01DC-4B15-A070-DCBCE6477487}"
EndProject
Project("{9A19103F-16F7-4668-BE54-9A1E7A4F7556}") = "LibGodotSharp", "libgodotsharp\LibGodotSharp.csproj", "{3BBAE65F-9139-4C0D-847D-CF36A85B0BE8}"
EndProject
Project("{9A19103F-16F7-4668-BE54-9A1E7A4F7556}") = "TestLibGodotSharp", "TestLibGodotSharp\TestLibGodotSharp.csproj", "{0FA5C907-7D8E-4D30-AA66-0628ED86509E}"
EndProject
Global
	GlobalSection(SolutionConfigurationPlatforms) = preSolution
		Debug|Any CPU = Debug|Any CPU
		Debug|x64 = Debug|x64
		Release|Any CPU = Release|Any CPU
		Release|x64 = Release|x64
	EndGlobalSection
	GlobalSection(ProjectConfigurationPlatforms) = postSolution
		{0CDCE5DC-01DC-4B15-A070-DCBCE6477487}.Debug|Any CPU.ActiveCfg = Debug|Any CPU
		{0CDCE5DC-01DC-4B15-A070-DCBCE6477487}.Debug|Any CPU.Build.0 = Debug|Any CPU
		{0CDCE5DC-01DC-4B15-A070-DCBCE6477487}.Debug|x64.ActiveCfg = Debug|Any CPU
		{0CDCE5DC-01DC-4B15-A070-DCBCE6477487}.Debug|x64.Build.0 = Debug|Any CPU
		{0CDCE5DC-01DC-4B15-A070-DCBCE6477487}.Release|Any CPU.ActiveCfg = Release|Any CPU
		{0CDCE5DC-01DC-4B15-A070-DCBCE6477487}.Release|Any CPU.Build.0 = Release|Any CPU
		{0CDCE5DC-01DC-4B15-A070-DCBCE6477487}.Release|x64.ActiveCfg = Release|Any CPU
		{0CDCE5DC-01DC-4B15-A070-DCBCE6477487}.Release|x64.Build.0 = Release|Any CPU
		{3BBAE65F-9139-4C0D-847D-CF36A85B0BE8}.Debug|Any CPU.ActiveCfg = Debug|Any CPU
		{3BBAE65F-9139-4C0D-847D-CF36A85B0BE8}.Debug|Any CPU.Build.0 = Debug|Any CPU
		{3BBAE65F-9139-4C0D-847D-CF36A85B0BE8}.Debug|x64.ActiveCfg = Debug|Any CPU
		{3BBAE65F-9139-4C0D-847D-CF36A85B0BE8}.Debug|x64.Build.0 = Debug|Any CPU
		{3BBAE65F-9139-4C0D-847D-CF36A85B0BE8}.Release|Any CPU.ActiveCfg = Release|Any CPU
		{3BBAE65F-9139-4C0D-847D-CF36A85B0BE8}.Release|Any CPU.Build.0 = Release|Any CPU
		{3BBAE65F-9139-4C0D-847D-CF36A85B0BE8}.Release|x64.ActiveCfg = Release|Any CPU
		{3BBAE65F-9139-4C0D-847D-CF36A85B0BE8}.Release|x64.Build.0 = Release|Any CPU
		{0FA5C907-7D8E-4D30-AA66-0628ED86509E}.Debug|Any CPU.ActiveCfg = Debug|Any CPU
		{0FA5C907-7D8E-4D30-AA66-0628ED86509E}.Debug|Any CPU.Build.0 = Debug|Any CPU
		{0FA5C907-7D8E-4D30-AA66-0628ED86509E}.Debug|x64.ActiveCfg = Debug|Any CPU
		{0FA5C907-7D8E-4D30-AA66-0628ED86509E}.Debug|x64.Build.0 = Debug|Any CPU
		{0FA5C907-7D8E-4D30-AA66-0628ED86509E}.Release|Any CPU.ActiveCfg = Release|Any CPU
		{0FA5C907-7D8E-4D30-AA66-0628ED86509E}.Release|Any CPU.Build.0 = Release|Any CPU
		{0FA5C907-7D8E-4D30-AA66-0628ED86509E}.Release|x64.ActiveCfg = Release|Any CPU
		{0FA5C907-7D8E-4D30-AA66-0628ED86509E}.Release|x64.Build.0 = Release|Any CPU
	EndGlobalSection
	GlobalSection(SolutionProperties) = preSolution
		HideSolutionNode = FALSE
	EndGlobalSection
	GlobalSection(ExtensibilityGlobals) = postSolution
		SolutionGuid = {F5A32E29-BA17-4929-AB0D-C0C6DECC31A8}
	EndGlobalSection
EndGlobal
