
Microsoft Visual Studio Solution File, Format Version 12.00
# Visual Studio Version 17
VisualStudioVersion = 17.4.33403.182
MinimumVisualStudioVersion = 10.0.40219.1
Project("{FAE04EC0-301F-11D3-BF4B-00C04F79EFBC}") = "GodotApplication", "GodotApplication.csproj", "{ADC18B6B-13FE-410F-A056-E1BB0A9D4D1A}"
EndProject
Project("{2150E333-8FDC-42A3-9474-1A3956D46DE8}") = "REMOVEONBUILD", "REMOVEONBUILD", "{F7A1DD5C-B2BB-40FF-B106-1020AF5B7C6B}"
EndProject
Project("{9A19103F-16F7-4668-BE54-9A1E7A4F7556}") = "LibGodotSharp", "..\libgodotsharp\LibGodotSharp.csproj", "{C54E000A-C104-4888-9008-572BB716A79D}"
EndProject
Project("{9A19103F-16F7-4668-BE54-9A1E7A4F7556}") = "LibGodotSharpDesktop", "..\LibGodotSharpDesktop\LibGodotSharpDesktop.csproj", "{37A6D2F8-CBF7-4998-B375-926A09F20404}"
EndProject
Global
	GlobalSection(SolutionConfigurationPlatforms) = preSolution
		Debug|Any CPU = Debug|Any CPU
		Release|Any CPU = Release|Any CPU
	EndGlobalSection
	GlobalSection(ProjectConfigurationPlatforms) = postSolution
		{ADC18B6B-13FE-410F-A056-E1BB0A9D4D1A}.Debug|Any CPU.ActiveCfg = Debug|Any CPU
		{ADC18B6B-13FE-410F-A056-E1BB0A9D4D1A}.Debug|Any CPU.Build.0 = Debug|Any CPU
		{ADC18B6B-13FE-410F-A056-E1BB0A9D4D1A}.Release|Any CPU.ActiveCfg = Release|Any CPU
		{ADC18B6B-13FE-410F-A056-E1BB0A9D4D1A}.Release|Any CPU.Build.0 = Release|Any CPU
		{C54E000A-C104-4888-9008-572BB716A79D}.Debug|Any CPU.ActiveCfg = Debug|Any CPU
		{C54E000A-C104-4888-9008-572BB716A79D}.Debug|Any CPU.Build.0 = Debug|Any CPU
		{C54E000A-C104-4888-9008-572BB716A79D}.Release|Any CPU.ActiveCfg = Release|Any CPU
		{C54E000A-C104-4888-9008-572BB716A79D}.Release|Any CPU.Build.0 = Release|Any CPU
		{37A6D2F8-CBF7-4998-B375-926A09F20404}.Debug|Any CPU.ActiveCfg = Debug|Any CPU
		{37A6D2F8-CBF7-4998-B375-926A09F20404}.Debug|Any CPU.Build.0 = Debug|Any CPU
		{37A6D2F8-CBF7-4998-B375-926A09F20404}.Release|Any CPU.ActiveCfg = Release|Any CPU
		{37A6D2F8-CBF7-4998-B375-926A09F20404}.Release|Any CPU.Build.0 = Release|Any CPU
	EndGlobalSection
	GlobalSection(SolutionProperties) = preSolution
		HideSolutionNode = FALSE
	EndGlobalSection
	GlobalSection(NestedProjects) = preSolution
		{C54E000A-C104-4888-9008-572BB716A79D} = {F7A1DD5C-B2BB-40FF-B106-1020AF5B7C6B}
		{37A6D2F8-CBF7-4998-B375-926A09F20404} = {F7A1DD5C-B2BB-40FF-B106-1020AF5B7C6B}
	EndGlobalSection
	GlobalSection(ExtensibilityGlobals) = postSolution
		SolutionGuid = {55749F2E-4FA8-47F0-B872-41B81E002A16}
	EndGlobalSection
EndGlobal
